// !$*UTF8*$!
{
	archiveVersion = 1;
	classes = {
	};
	objectVersion = 77;
	objects = {

/* Begin PBXBuildFile section */
		06492283304B0E8A005017E0 /* BenchmarkHelpers in Frameworks */ = {isa = PBXBuildFile; productRef = 06492282304B0E8A005017E0 /* BenchmarkHelpers */; };
		06492285304B0E8A005017E0 /* IntegrationTestHelpers in Frameworks */ = {isa = PBXBuildFile; productRef = 06492284304B0E8A005017E0 /* IntegrationTestHelpers */; };
		06492287304B0E8A005017E0 /* MLXEmbedders in Frameworks */ = {isa = PBXBuildFile; productRef = 06492286304B0E8A005017E0 /* MLXEmbedders */; };
		06492289304B0E8A005017E0 /* MLXHuggingFace in Frameworks */ = {isa = PBXBuildFile; productRef = 06492288304B0E8A005017E0 /* MLXHuggingFace */; };
		0649228B304B0E8A005017E0 /* MLXLLM in Frameworks */ = {isa = PBXBuildFile; productRef = 0649228A304B0E8A005017E0 /* MLXLLM */; };
		0649228D304B0E8A005017E0 /* MLXLMCommon in Frameworks */ = {isa = PBXBuildFile; productRef = 0649228C304B0E8A005017E0 /* MLXLMCommon */; };
		0649228F304B0E8A005017E0 /* MLXVLM in Frameworks */ = {isa = PBXBuildFile; productRef = 0649228E304B0E8A005017E0 /* MLXVLM */; };
		06492292304B0EAA005017E0 /* HuggingFace in Frameworks */ = {isa = PBXBuildFile; productRef = 06492291304B0EAA005017E0 /* HuggingFace */; };
		06492295304B0EC2005017E0 /* Hub in Frameworks */ = {isa = PBXBuildFile; productRef = 06492294304B0EC2005017E0 /* Hub */; };
		06492297304B0EC2005017E0 /* Tokenizers in Frameworks */ = {isa = PBXBuildFile; productRef = 06492296304B0EC2005017E0 /* Tokenizers */; };
		06492299304B0EC2005017E0 /* Transformers in Frameworks */ = {isa = PBXBuildFile; productRef = 06492298304B0EC2005017E0 /* Transformers */; };
		06DC402D3050550B0036340F /* TensorFlowLiteSwift in Frameworks */ = {isa = PBXBuildFile; productRef = 06DC402C3050550B0036340F /* TensorFlowLiteSwift */; };
/* End PBXBuildFile section */

/* Begin PBXFileReference section */
		06B8171D304B0D99007751B6 /* GymRepCounterWithMLX.app */ = {isa = PBXFileReference; explicitFileType = wrapper.application; includeInIndex = 0; path = GymRepCounterWithMLX.app; sourceTree = BUILT_PRODUCTS_DIR; };
/* End PBXFileReference section */

/* Begin PBXFileSystemSynchronizedRootGroup section */
		06B8171F304B0D99007751B6 /* GymRepCounterWithMLX */ = {
			isa = PBXFileSystemSynchronizedRootGroup;
			path = GymRepCounterWithMLX;
			sourceTree = "<group>";
		};
/* End PBXFileSystemSynchronizedRootGroup section */

/* Begin PBXFrameworksBuildPhase section */
		06B8171A304B0D99007751B6 /* Frameworks */ = {
			isa = PBXFrameworksBuildPhase;
			buildActionMask = 2147483647;
			files = (
				06492295304B0EC2005017E0 /* Hub in Frameworks */,
				06DC402D3050550B0036340F /* TensorFlowLiteSwift in Frameworks */,
				0649228B304B0E8A005017E0 /* MLXLLM in Frameworks */,
				06492283304B0E8A005017E0 /* BenchmarkHelpers in Frameworks */,
				06492285304B0E8A005017E0 /* IntegrationTestHelpers in Frameworks */,
				06492297304B0EC2005017E0 /* Tokenizers in Frameworks */,
				06492292304B0EAA005017E0 /* HuggingFace in Frameworks */,
				0649228F304B0E8A005017E0 /* MLXVLM in Frameworks */,
				06492299304B0EC2005017E0 /* Transformers in Frameworks */,
				06492287304B0E8A005017E0 /* MLXEmbedders in Frameworks */,
				0649228D304B0E8A005017E0 /* MLXLMCommon in Frameworks */,
				06492289304B0E8A005017E0 /* MLXHuggingFace in Frameworks */,
			);
			runOnlyForDeploymentPostprocessing = 0;
		};
/* End PBXFrameworksBuildPhase section */

/* Begin PBXGroup section */
		06B81714304B0D99007751B6 = {
			isa = PBXGroup;
			children = (
				06B8171F304B0D99007751B6 /* GymRepCounterWithMLX */,
				06B8171E304B0D99007751B6 /* Products */,
			);
			sourceTree = "<group>";
		};
		06B8171E304B0D99007751B6 /* Products */ = {
			isa = PBXGroup;
			children = (
				06B8171D304B0D99007751B6 /* GymRepCounterWithMLX.app */,
			);
			name = Products;
			sourceTree = "<group>";
		};
/* End PBXGroup section */

/* Begin PBXNativeTarget section */
		06B8171C304B0D99007751B6 /* GymRepCounterWithMLX */ = {
			isa = PBXNativeTarget;
			buildConfigurationList = 06B81728304B0D9A007751B6 /* Build configuration list for PBXNativeTarget "GymRepCounterWithMLX" */;
			buildPhases = (
				06B81719304B0D99007751B6 /* Sources */,
				06B8171A304B0D99007751B6 /* Frameworks */,
				06B8171B304B0D99007751B6 /* Resources */,
			);
			buildRules = (
			);
			dependencies = (
			);
			fileSystemSynchronizedGroups = (
				06B8171F304B0D99007751B6 /* GymRepCounterWithMLX */,
			);
			name = GymRepCounterWithMLX;
			packageProductDependencies = (
				06492282304B0E8A005017E0 /* BenchmarkHelpers */,
				06492284304B0E8A005017E0 /* IntegrationTestHelpers */,
				06492286304B0E8A005017E0 /* MLXEmbedders */,
				06492288304B0E8A005017E0 /* MLXHuggingFace */,
				0649228A304B0E8A005017E0 /* MLXLLM */,
				0649228C304B0E8A005017E0 /* MLXLMCommon */,
				0649228E304B0E8A005017E0 /* MLXVLM */,
				06492291304B0EAA005017E0 /* HuggingFace */,
				06492294304B0EC2005017E0 /* Hub */,
				06492296304B0EC2005017E0 /* Tokenizers */,
				06492298304B0EC2005017E0 /* Transformers */,
				06DC402C3050550B0036340F /* TensorFlowLiteSwift */,
			);
			productName = GymRepCounterWithMLX;
			productReference = 06B8171D304B0D99007751B6 /* GymRepCounterWithMLX.app */;
			productType = "com.apple.product-type.application";
		};
/* End PBXNativeTarget section */

/* Begin PBXProject section */
		06B81715304B0D99007751B6 /* Project object */ = {
			isa = PBXProject;
			attributes = {
				BuildIndependentTargetsInParallel = 1;
				LastSwiftUpdateCheck = 2660;
				LastUpgradeCheck = 2660;
				TargetAttributes = {
					06B8171C304B0D99007751B6 = {
						CreatedOnToolsVersion = 26.6;
					};
				};
			};
			buildConfigurationList = 06B81718304B0D99007751B6 /* Build configuration list for PBXProject "GymRepCounterWithMLX" */;
			developmentRegion = en;
			hasScannedForEncodings = 0;
			knownRegions = (
				en,
				Base,
			);
			mainGroup = 06B81714304B0D99007751B6;
			minimizedProjectReferenceProxies = 1;
			packageReferences = (
				06492281304B0E8A005017E0 /* XCRemoteSwiftPackageReference "mlx-swift-lm" */,
				06492290304B0EAA005017E0 /* XCRemoteSwiftPackageReference "swift-huggingface" */,
				06492293304B0EC2005017E0 /* XCRemoteSwiftPackageReference "swift-transformers" */,
				06DC402B3050550B0036340F /* XCRemoteSwiftPackageReference "TensorFlowLiteSwift" */,
			);
			preferredProjectObjectVersion = 77;
			productRefGroup = 06B8171E304B0D99007751B6 /* Products */;
			projectDirPath = "";
			projectRoot = "";
			targets = (
				06B8171C304B0D99007751B6 /* GymRepCounterWithMLX */,
			);
		};
/* End PBXProject section */

/* Begin PBXResourcesBuildPhase section */
		06B8171B304B0D99007751B6 /* Resources */ = {
			isa = PBXResourcesBuildPhase;
			buildActionMask = 2147483647;
			files = (
			);
			runOnlyForDeploymentPostprocessing = 0;
		};
/* End PBXResourcesBuildPhase section */

/* Begin PBXSourcesBuildPhase section */
		06B81719304B0D99007751B6 /* Sources */ = {
			isa = PBXSourcesBuildPhase;
			buildActionMask = 2147483647;
			files = (
			);
			runOnlyForDeploymentPostprocessing = 0;
		};
/* End PBXSourcesBuildPhase section */

/* Begin XCBuildConfiguration section */
		06B81726304B0D9A007751B6 /* Debug */ = {
			isa = XCBuildConfiguration;
			buildSettings = {
				ALWAYS_SEARCH_USER_PATHS = NO;
				ASSETCATALOG_COMPILER_GENERATE_SWIFT_ASSET_SYMBOL_EXTENSIONS = YES;
				CLANG_ANALYZER_NONNULL = YES;
				CLANG_ANALYZER_NUMBER_OBJECT_CONVERSION = YES_AGGRESSIVE;
				CLANG_CXX_LANGUAGE_STANDARD = "gnu++20";
				CLANG_ENABLE_MODULES = YES;
				CLANG_ENABLE_OBJC_ARC = YES;
				CLANG_ENABLE_OBJC_WEAK = YES;
				CLANG_WARN_BLOCK_CAPTURE_AUTORELEASING = YES;
				CLANG_WARN_BOOL_CONVERSION = YES;
				CLANG_WARN_COMMA = YES;
				CLANG_WARN_CONSTANT_CONVERSION = YES;
				CLANG_WARN_DEPRECATED_OBJC_IMPLEMENTATIONS = YES;
				CLANG_WARN_DIRECT_OBJC_ISA_USAGE = YES_ERROR;
				CLANG_WARN_DOCUMENTATION_COMMENTS = YES;
				CLANG_WARN_EMPTY_BODY = YES;
				CLANG_WARN_ENUM_CONVERSION = YES;
				CLANG_WARN_INFINITE_RECURSION = YES;
				CLANG_WARN_INT_CONVERSION = YES;
				CLANG_WARN_NON_LITERAL_NULL_CONVERSION = YES;
				CLANG_WARN_OBJC_IMPLICIT_RETAIN_SELF = YES;
				CLANG_WARN_OBJC_LITERAL_CONVERSION = YES;
				CLANG_WARN_OBJC_ROOT_CLASS = YES_ERROR;
				CLANG_WARN_QUOTED_INCLUDE_IN_FRAMEWORK_HEADER = YES;
				CLANG_WARN_RANGE_LOOP_ANALYSIS = YES;
				CLANG_WARN_STRICT_PROTOTYPES = YES;
				CLANG_WARN_SUSPICIOUS_MOVE = YES;
				CLANG_WARN_UNGUARDED_AVAILABILITY = YES_AGGRESSIVE;
				CLANG_WARN_UNREACHABLE_CODE = YES;
				CLANG_WARN__DUPLICATE_METHOD_MATCH = YES;
				COPY_PHASE_STRIP = NO;
				DEBUG_INFORMATION_FORMAT = dwarf;
				DEVELOPMENT_TEAM = 794SW6863L;
				ENABLE_STRICT_OBJC_MSGSEND = YES;
				ENABLE_TESTABILITY = YES;
				ENABLE_USER_SCRIPT_SANDBOXING = YES;
				GCC_C_LANGUAGE_STANDARD = gnu17;
				GCC_DYNAMIC_NO_PIC = NO;
				GCC_NO_COMMON_BLOCKS = YES;
				GCC_OPTIMIZATION_LEVEL = 0;
				GCC_PREPROCESSOR_DEFINITIONS = (
					"DEBUG=1",
					"$(inherited)",
				);
				GCC_WARN_64_TO_32_BIT_CONVERSION = YES;
				GCC_WARN_ABOUT_RETURN_TYPE = YES_ERROR;
				GCC_WARN_UNDECLARED_SELECTOR = YES;
				GCC_WARN_UNINITIALIZED_AUTOS = YES_AGGRESSIVE;
				GCC_WARN_UNUSED_FUNCTION = YES;
				GCC_WARN_UNUSED_VARIABLE = YES;
				IPHONEOS_DEPLOYMENT_TARGET = 26.5;
				LOCALIZATION_PREFERS_STRING_CATALOGS = YES;
				MTL_ENABLE_DEBUG_INFO = INCLUDE_SOURCE;
				MTL_FAST_MATH = YES;
				ONLY_ACTIVE_ARCH = YES;
				SDKROOT = iphoneos;
				SWIFT_ACTIVE_COMPILATION_CONDITIONS = "DEBUG $(inherited)";
				SWIFT_OPTIMIZATION_LEVEL = "-Onone";
			};
			name = Debug;
		};
		06B81727304B0D9A007751B6 /* Release */ = {
			isa = XCBuildConfiguration;
			buildSettings = {
				ALWAYS_SEARCH_USER_PATHS = NO;
				ASSETCATALOG_COMPILER_GENERATE_SWIFT_ASSET_SYMBOL_EXTENSIONS = YES;
				CLANG_ANALYZER_NONNULL = YES;
				CLANG_ANALYZER_NUMBER_OBJECT_CONVERSION = YES_AGGRESSIVE;
				CLANG_CXX_LANGUAGE_STANDARD = "gnu++20";
				CLANG_ENABLE_MODULES = YES;
				CLANG_ENABLE_OBJC_ARC = YES;
				CLANG_ENABLE_OBJC_WEAK = YES;
				CLANG_WARN_BLOCK_CAPTURE_AUTORELEASING = YES;
				CLANG_WARN_BOOL_CONVERSION = YES;
				CLANG_WARN_COMMA = YES;
				CLANG_WARN_CONSTANT_CONVERSION = YES;
				CLANG_WARN_DEPRECATED_OBJC_IMPLEMENTATIONS = YES;
				CLANG_WARN_DIRECT_OBJC_ISA_USAGE = YES_ERROR;
				CLANG_WARN_DOCUMENTATION_COMMENTS = YES;
				CLANG_WARN_EMPTY_BODY = YES;
				CLANG_WARN_ENUM_CONVERSION = YES;
				CLANG_WARN_INFINITE_RECURSION = YES;
				CLANG_WARN_INT_CONVERSION = YES;
				CLANG_WARN_NON_LITERAL_NULL_CONVERSION = YES;
				CLANG_WARN_OBJC_IMPLICIT_RETAIN_SELF = YES;
				CLANG_WARN_OBJC_LITERAL_CONVERSION = YES;
				CLANG_WARN_OBJC_ROOT_CLASS = YES_ERROR;
				CLANG_WARN_QUOTED_INCLUDE_IN_FRAMEWORK_HEADER = YES;
				CLANG_WARN_RANGE_LOOP_ANALYSIS = YES;
				CLANG_WARN_STRICT_PROTOTYPES = YES;
				CLANG_WARN_SUSPICIOUS_MOVE = YES;
				CLANG_WARN_UNGUARDED_AVAILABILITY = YES_AGGRESSIVE;
				CLANG_WARN_UNREACHABLE_CODE = YES;
				CLANG_WARN__DUPLICATE_METHOD_MATCH = YES;
				COPY_PHASE_STRIP = NO;
				DEBUG_INFORMATION_FORMAT = "dwarf-with-dsym";
				DEVELOPMENT_TEAM = 794SW6863L;
				ENABLE_NS_ASSERTIONS = NO;
				ENABLE_STRICT_OBJC_MSGSEND = YES;
				ENABLE_USER_SCRIPT_SANDBOXING = YES;
				GCC_C_LANGUAGE_STANDARD = gnu17;
				GCC_NO_COMMON_BLOCKS = YES;
				GCC_WARN_64_TO_32_BIT_CONVERSION = YES;
				GCC_WARN_ABOUT_RETURN_TYPE = YES_ERROR;
				GCC_WARN_UNDECLARED_SELECTOR = YES;
				GCC_WARN_UNINITIALIZED_AUTOS = YES_AGGRESSIVE;
				GCC_WARN_UNUSED_FUNCTION = YES;
				GCC_WARN_UNUSED_VARIABLE = YES;
				IPHONEOS_DEPLOYMENT_TARGET = 26.5;
				LOCALIZATION_PREFERS_STRING_CATALOGS = YES;
				MTL_ENABLE_DEBUG_INFO = NO;
				MTL_FAST_MATH = YES;
				SDKROOT = iphoneos;
				SWIFT_COMPILATION_MODE = wholemodule;
				VALIDATE_PRODUCT = YES;
			};
			name = Release;
		};
		06B81729304B0D9A007751B6 /* Debug */ = {
			isa = XCBuildConfiguration;
			buildSettings = {
				ASSETCATALOG_COMPILER_APPICON_NAME = AppIcon;
				ASSETCATALOG_COMPILER_GLOBAL_ACCENT_COLOR_NAME = AccentColor;
				CODE_SIGN_STYLE = Automatic;
				CURRENT_PROJECT_VERSION = 1;
				DEVELOPMENT_TEAM = 794SW6863L;
				ENABLE_PREVIEWS = YES;
				GENERATE_INFOPLIST_FILE = YES;
				INFOPLIST_KEY_NSCameraUsageDescription = "";
				INFOPLIST_KEY_UIApplicationSceneManifest_Generation = YES;
				INFOPLIST_KEY_UIApplicationSupportsIndirectInputEvents = YES;
				INFOPLIST_KEY_UILaunchScreen_Generation = YES;
				INFOPLIST_KEY_UISupportedInterfaceOrientations_iPad = "UIInterfaceOrientationPortrait UIInterfaceOrientationPortraitUpsideDown UIInterfaceOrientationLandscapeLeft UIInterfaceOrientationLandscapeRight";
				INFOPLIST_KEY_UISupportedInterfaceOrientations_iPhone = "UIInterfaceOrientationPortrait UIInterfaceOrientationLandscapeLeft UIInterfaceOrientationLandscapeRight";
				LD_RUNPATH_SEARCH_PATHS = (
					"$(inherited)",
					"@executable_path/Frameworks",
				);
				MARKETING_VERSION = 1.0;
				PRODUCT_BUNDLE_IDENTIFIER = arnabksu.GymRepCounterWithMLX;
				PRODUCT_NAME = "$(TARGET_NAME)";
				STRING_CATALOG_GENERATE_SYMBOLS = YES;
				SWIFT_APPROACHABLE_CONCURRENCY = YES;
				SWIFT_DEFAULT_ACTOR_ISOLATION = MainActor;
				SWIFT_EMIT_LOC_STRINGS = YES;
				SWIFT_UPCOMING_FEATURE_MEMBER_IMPORT_VISIBILITY = YES;
				SWIFT_VERSION = 5.0;
				TARGETED_DEVICE_FAMILY = "1,2";
			};
			name = Debug;
		};
		06B8172A304B0D9A007751B6 /* Release */ = {
			isa = XCBuildConfiguration;
			buildSettings = {
				ASSETCATALOG_COMPILER_APPICON_NAME = AppIcon;
				ASSETCATALOG_COMPILER_GLOBAL_ACCENT_COLOR_NAME = AccentColor;
				CODE_SIGN_STYLE = Automatic;
				CURRENT_PROJECT_VERSION = 1;
				DEVELOPMENT_TEAM = 794SW6863L;
				ENABLE_PREVIEWS = YES;
				GENERATE_INFOPLIST_FILE = YES;
				INFOPLIST_KEY_NSCameraUsageDescription = "";
				INFOPLIST_KEY_UIApplicationSceneManifest_Generation = YES;
				INFOPLIST_KEY_UIApplicationSupportsIndirectInputEvents = YES;
				INFOPLIST_KEY_UILaunchScreen_Generation = YES;
				INFOPLIST_KEY_UISupportedInterfaceOrientations_iPad = "UIInterfaceOrientationPortrait UIInterfaceOrientationPortraitUpsideDown UIInterfaceOrientationLandscapeLeft UIInterfaceOrientationLandscapeRight";
				INFOPLIST_KEY_UISupportedInterfaceOrientations_iPhone = "UIInterfaceOrientationPortrait UIInterfaceOrientationLandscapeLeft UIInterfaceOrientationLandscapeRight";
				LD_RUNPATH_SEARCH_PATHS = (
					"$(inherited)",
					"@executable_path/Frameworks",
				);
				MARKETING_VERSION = 1.0;
				PRODUCT_BUNDLE_IDENTIFIER = arnabksu.GymRepCounterWithMLX;
				PRODUCT_NAME = "$(TARGET_NAME)";
				STRING_CATALOG_GENERATE_SYMBOLS = YES;
				SWIFT_APPROACHABLE_CONCURRENCY = YES;
				SWIFT_DEFAULT_ACTOR_ISOLATION = MainActor;
				SWIFT_EMIT_LOC_STRINGS = YES;
				SWIFT_UPCOMING_FEATURE_MEMBER_IMPORT_VISIBILITY = YES;
				SWIFT_VERSION = 5.0;
				TARGETED_DEVICE_FAMILY = "1,2";
			};
			name = Release;
		};
/* End XCBuildConfiguration section */

/* Begin XCConfigurationList section */
		06B81718304B0D99007751B6 /* Build configuration list for PBXProject "GymRepCounterWithMLX" */ = {
			isa = XCConfigurationList;
			buildConfigurations = (
				06B81726304B0D9A007751B6 /* Debug */,
				06B81727304B0D9A007751B6 /* Release */,
			);
			defaultConfigurationIsVisible = 0;
			defaultConfigurationName = Release;
		};
		06B81728304B0D9A007751B6 /* Build configuration list for PBXNativeTarget "GymRepCounterWithMLX" */ = {
			isa = XCConfigurationList;
			buildConfigurations = (
				06B81729304B0D9A007751B6 /* Debug */,
				06B8172A304B0D9A007751B6 /* Release */,
			);
			defaultConfigurationIsVisible = 0;
			defaultConfigurationName = Release;
		};
/* End XCConfigurationList section */

/* Begin XCRemoteSwiftPackageReference section */
		06492281304B0E8A005017E0 /* XCRemoteSwiftPackageReference "mlx-swift-lm" */ = {
			isa = XCRemoteSwiftPackageReference;
			repositoryURL = "https://github.com/ml-explore/mlx-swift-lm";
			requirement = {
				kind = upToNextMajorVersion;
				minimumVersion = 3.31.4;
			};
		};
		06492290304B0EAA005017E0 /* XCRemoteSwiftPackageReference "swift-huggingface" */ = {
			isa = XCRemoteSwiftPackageReference;
			repositoryURL = "https://github.com/huggingface/swift-huggingface";
			requirement = {
				kind = upToNextMajorVersion;
				minimumVersion = 0.10.0;
			};
		};
		06492293304B0EC2005017E0 /* XCRemoteSwiftPackageReference "swift-transformers" */ = {
			isa = XCRemoteSwiftPackageReference;
			repositoryURL = "https://github.com/huggingface/swift-transformers";
			requirement = {
				kind = upToNextMajorVersion;
				minimumVersion = 1.3.4;
			};
		};
		06DC402B3050550B0036340F /* XCRemoteSwiftPackageReference "TensorFlowLiteSwift" */ = {
			isa = XCRemoteSwiftPackageReference;
			repositoryURL = "https://github.com/tkhan11/TensorFlowLiteSwift";
			requirement = {
				branch = master;
				kind = branch;
			};
		};
/* End XCRemoteSwiftPackageReference section */

/* Begin XCSwiftPackageProductDependency section */
		06492282304B0E8A005017E0 /* BenchmarkHelpers */ = {
			isa = XCSwiftPackageProductDependency;
			package = 06492281304B0E8A005017E0 /* XCRemoteSwiftPackageReference "mlx-swift-lm" */;
			productName = BenchmarkHelpers;
		};
		06492284304B0E8A005017E0 /* IntegrationTestHelpers */ = {
			isa = XCSwiftPackageProductDependency;
			package = 06492281304B0E8A005017E0 /* XCRemoteSwiftPackageReference "mlx-swift-lm" */;
			productName = IntegrationTestHelpers;
		};
		06492286304B0E8A005017E0 /* MLXEmbedders */ = {
			isa = XCSwiftPackageProductDependency;
			package = 06492281304B0E8A005017E0 /* XCRemoteSwiftPackageReference "mlx-swift-lm" */;
			productName = MLXEmbedders;
		};
		06492288304B0E8A005017E0 /* MLXHuggingFace */ = {
			isa = XCSwiftPackageProductDependency;
			package = 06492281304B0E8A005017E0 /* XCRemoteSwiftPackageReference "mlx-swift-lm" */;
			productName = MLXHuggingFace;
		};
		0649228A304B0E8A005017E0 /* MLXLLM */ = {
			isa = XCSwiftPackageProductDependency;
			package = 06492281304B0E8A005017E0 /* XCRemoteSwiftPackageReference "mlx-swift-lm" */;
			productName = MLXLLM;
		};
		0649228C304B0E8A005017E0 /* MLXLMCommon */ = {
			isa = XCSwiftPackageProductDependency;
			package = 06492281304B0E8A005017E0 /* XCRemoteSwiftPackageReference "mlx-swift-lm" */;
			productName = MLXLMCommon;
		};
		0649228E304B0E8A005017E0 /* MLXVLM */ = {
			isa = XCSwiftPackageProductDependency;
			package = 06492281304B0E8A005017E0 /* XCRemoteSwiftPackageReference "mlx-swift-lm" */;
			productName = MLXVLM;
		};
		06492291304B0EAA005017E0 /* HuggingFace */ = {
			isa = XCSwiftPackageProductDependency;
			package = 06492290304B0EAA005017E0 /* XCRemoteSwiftPackageReference "swift-huggingface" */;
			productName = HuggingFace;
		};
		06492294304B0EC2005017E0 /* Hub */ = {
			isa = XCSwiftPackageProductDependency;
			package = 06492293304B0EC2005017E0 /* XCRemoteSwiftPackageReference "swift-transformers" */;
			productName = Hub;
		};
		06492296304B0EC2005017E0 /* Tokenizers */ = {
			isa = XCSwiftPackageProductDependency;
			package = 06492293304B0EC2005017E0 /* XCRemoteSwiftPackageReference "swift-transformers" */;
			productName = Tokenizers;
		};
		06492298304B0EC2005017E0 /* Transformers */ = {
			isa = XCSwiftPackageProductDependency;
			package = 06492293304B0EC2005017E0 /* XCRemoteSwiftPackageReference "swift-transformers" */;
			productName = Transformers;
		};
		06DC402C3050550B0036340F /* TensorFlowLiteSwift */ = {
			isa = XCSwiftPackageProductDependency;
			package = 06DC402B3050550B0036340F /* XCRemoteSwiftPackageReference "TensorFlowLiteSwift" */;
			productName = TensorFlowLiteSwift;
		};
/* End XCSwiftPackageProductDependency section */
	};
	rootObject = 06B81715304B0D99007751B6 /* Project object */;
}
